// !$*UTF8*$!
{
	archiveVersion = 1;
	classes = {
	};
	objectVersion = 48;
	objects = {

/* Begin PBXBuildFile section */
		893579E82080B06800217392 /* main.c in Sources */ = {isa = PBXBuildFile; fileRef = 893579E72080B06800217392 /* main.c */; };
		893579F02080B21F00217392 /* LCS.c in Sources */ = {isa = PBXBuildFile; fileRef = 893579EE2080B21F00217392 /* LCS.c */; };
		89DC61A5208D8E900060CE9D /* leetcode_125.c in Sources */ = {isa = PBXBuildFile; fileRef = 89DC61A3208D8E900060CE9D /* leetcode_125.c */; };
		89DC61A8208DAEC70060CE9D /* leetcode_38.c in Sources */ = {isa = PBXBuildFile; fileRef = 89DC61A6208DAEC70060CE9D /* leetcode_38.c */; };
		89DC61AB208DD92E0060CE9D /* leetcode_21.c in Sources */ = {isa = PBXBuildFile; fileRef = 89DC61A9208DD92E0060CE9D /* leetcode_21.c */; };
		89DC61AE208E1AEE0060CE9D /* leetcode_234.c in Sources */ = {isa = PBXBuildFile; fileRef = 89DC61AC208E1AEE0060CE9D /* leetcode_234.c */; };
		89DC61B1208E23200060CE9D /* leetcode_104.c in Sources */ = {isa = PBXBuildFile; fileRef = 89DC61AF208E23200060CE9D /* leetcode_104.c */; };
		89DC61B4208F78120060CE9D /* leetcode_98.c in Sources */ = {isa = PBXBuildFile; fileRef = 89DC61B2208F78110060CE9D /* leetcode_98.c */; };
		89DC61B72091DF6F0060CE9D /* leetcode_88.c in Sources */ = {isa = PBXBuildFile; fileRef = 89DC61B52091DF6F0060CE9D /* leetcode_88.c */; };
		89DC61BA2091E8D50060CE9D /* leetcode_278.c in Sources */ = {isa = PBXBuildFile; fileRef = 89DC61B82091E8D50060CE9D /* leetcode_278.c */; };
		89DC61BD2092159D0060CE9D /* leetcode_53.c in Sources */ = {isa = PBXBuildFile; fileRef = 89DC61BB2092159D0060CE9D /* leetcode_53.c */; };
		89DC61C02092E9CD0060CE9D /* leetcode_198.c in Sources */ = {isa = PBXBuildFile; fileRef = 89DC61BE2092E9CD0060CE9D /* leetcode_198.c */; };
		89EB71F2208B37AD0091CE48 /* leetcode_122.c in Sources */ = {isa = PBXBuildFile; fileRef = 89EB71F0208B37AD0091CE48 /* leetcode_122.c */; };
		89EB71F6208B78300091CE48 /* leetcode_15.c in Sources */ = {isa = PBXBuildFile; fileRef = 89EB71F4208B78300091CE48 /* leetcode_15.c */; };
		89EB71F9208CAC930091CE48 /* leetcode_350.c in Sources */ = {isa = PBXBuildFile; fileRef = 89EB71F7208CAC930091CE48 /* leetcode_350.c */; };
/* End PBXBuildFile section */

/* Begin PBXCopyFilesBuildPhase section */
		893579E22080B06800217392 /* CopyFiles */ = {
			isa = PBXCopyFilesBuildPhase;
			buildActionMask = 2147483647;
			dstPath = /usr/share/man/man1/;
			dstSubfolderSpec = 0;
			files = (
			);
			runOnlyForDeploymentPostprocessing = 1;
		};
/* End PBXCopyFilesBuildPhase section */

/* Begin PBXFileReference section */
		893579E42080B06800217392 /* Algorithm practice */ = {isa = PBXFileReference; explicitFileType = "compiled.mach-o.executable"; includeInIndex = 0; path = "Algorithm practice"; sourceTree = BUILT_PRODUCTS_DIR; };
		893579E72080B06800217392 /* main.c */ = {isa = PBXFileReference; lastKnownFileType = sourcecode.c.c; path = main.c; sourceTree = "<group>"; };
		893579EE2080B21F00217392 /* LCS.c */ = {isa = PBXFileReference; lastKnownFileType = sourcecode.c.c; path = LCS.c; sourceTree = "<group>"; };
		893579EF2080B21F00217392 /* LCS.h */ = {isa = PBXFileReference; lastKnownFileType = sourcecode.c.h; path = LCS.h; sourceTree = "<group>"; };
		89DC61A3208D8E900060CE9D /* leetcode_125.c */ = {isa = PBXFileReference; lastKnownFileType = sourcecode.c.c; path = leetcode_125.c; sourceTree = "<group>"; };
		89DC61A4208D8E900060CE9D /* leetcode_125.h */ = {isa = PBXFileReference; lastKnownFileType = sourcecode.c.h; path = leetcode_125.h; sourceTree = "<group>"; };
		89DC61A6208DAEC70060CE9D /* leetcode_38.c */ = {isa = PBXFileReference; lastKnownFileType = sourcecode.c.c; path = leetcode_38.c; sourceTree = "<group>"; };
		89DC61A7208DAEC70060CE9D /* leetcode_38.h */ = {isa = PBXFileReference; lastKnownFileType = sourcecode.c.h; path = leetcode_38.h; sourceTree = "<group>"; };
		89DC61A9208DD92E0060CE9D /* leetcode_21.c */ = {isa = PBXFileReference; lastKnownFileType = sourcecode.c.c; path = leetcode_21.c; sourceTree = "<group>"; };
		89DC61AA208DD92E0060CE9D /* leetcode_21.h */ = {isa = PBXFileReference; lastKnownFileType = sourcecode.c.h; path = leetcode_21.h; sourceTree = "<group>"; };
		89DC61AC208E1AEE0060CE9D /* leetcode_234.c */ = {isa = PBXFileReference; lastKnownFileType = sourcecode.c.c; path = leetcode_234.c; sourceTree = "<group>"; };
		89DC61AD208E1AEE0060CE9D /* leetcode_234.h */ = {isa = PBXFileReference; lastKnownFileType = sourcecode.c.h; path = leetcode_234.h; sourceTree = "<group>"; };
		89DC61AF208E23200060CE9D /* leetcode_104.c */ = {isa = PBXFileReference; lastKnownFileType = sourcecode.c.c; path = leetcode_104.c; sourceTree = "<group>"; };
		89DC61B0208E23200060CE9D /* leetcode_104.h */ = {isa = PBXFileReference; lastKnownFileType = sourcecode.c.h; path = leetcode_104.h; sourceTree = "<group>"; };
		89DC61B2208F78110060CE9D /* leetcode_98.c */ = {isa = PBXFileReference; lastKnownFileType = sourcecode.c.c; path = leetcode_98.c; sourceTree = "<group>"; };
		89DC61B3208F78120060CE9D /* leetcode_98.h */ = {isa = PBXFileReference; lastKnownFileType = sourcecode.c.h; path = leetcode_98.h; sourceTree = "<group>"; };
		89DC61B52091DF6F0060CE9D /* leetcode_88.c */ = {isa = PBXFileReference; lastKnownFileType = sourcecode.c.c; path = leetcode_88.c; sourceTree = "<group>"; };
		89DC61B62091DF6F0060CE9D /* leetcode_88.h */ = {isa = PBXFileReference; lastKnownFileType = sourcecode.c.h; path = leetcode_88.h; sourceTree = "<group>"; };
		89DC61B82091E8D50060CE9D /* leetcode_278.c */ = {isa = PBXFileReference; lastKnownFileType = sourcecode.c.c; path = leetcode_278.c; sourceTree = "<group>"; };
		89DC61B92091E8D50060CE9D /* leetcode_278.h */ = {isa = PBXFileReference; lastKnownFileType = sourcecode.c.h; path = leetcode_278.h; sourceTree = "<group>"; };
		89DC61BB2092159D0060CE9D /* leetcode_53.c */ = {isa = PBXFileReference; lastKnownFileType = sourcecode.c.c; path = leetcode_53.c; sourceTree = "<group>"; };
		89DC61BC2092159D0060CE9D /* leetcode_53.h */ = {isa = PBXFileReference; lastKnownFileType = sourcecode.c.h; path = leetcode_53.h; sourceTree = "<group>"; };
		89DC61BE2092E9CD0060CE9D /* leetcode_198.c */ = {isa = PBXFileReference; lastKnownFileType = sourcecode.c.c; path = leetcode_198.c; sourceTree = "<group>"; };
		89DC61BF2092E9CD0060CE9D /* leetcode_198.h */ = {isa = PBXFileReference; lastKnownFileType = sourcecode.c.h; path = leetcode_198.h; sourceTree = "<group>"; };
		89EB71F0208B37AD0091CE48 /* leetcode_122.c */ = {isa = PBXFileReference; lastKnownFileType = sourcecode.c.c; path = leetcode_122.c; sourceTree = "<group>"; };
		89EB71F1208B37AD0091CE48 /* leetcode_122.h */ = {isa = PBXFileReference; lastKnownFileType = sourcecode.c.h; path = leetcode_122.h; sourceTree = "<group>"; };
		89EB71F4208B78300091CE48 /* leetcode_15.c */ = {isa = PBXFileReference; lastKnownFileType = sourcecode.c.c; path = leetcode_15.c; sourceTree = "<group>"; };
		89EB71F5208B78300091CE48 /* leetcode_15.h */ = {isa = PBXFileReference; lastKnownFileType = sourcecode.c.h; path = leetcode_15.h; sourceTree = "<group>"; };
		89EB71F7208CAC930091CE48 /* leetcode_350.c */ = {isa = PBXFileReference; lastKnownFileType = sourcecode.c.c; path = leetcode_350.c; sourceTree = "<group>"; };
		89EB71F8208CAC930091CE48 /* leetcode_350.h */ = {isa = PBXFileReference; lastKnownFileType = sourcecode.c.h; path = leetcode_350.h; sourceTree = "<group>"; };
/* End PBXFileReference section */

/* Begin PBXFrameworksBuildPhase section */
		893579E12080B06800217392 /* Frameworks */ = {
			isa = PBXFrameworksBuildPhase;
			buildActionMask = 2147483647;
			files = (
			);
			runOnlyForDeploymentPostprocessing = 0;
		};
/* End PBXFrameworksBuildPhase section */

/* Begin PBXGroup section */
		893579DB2080B06800217392 = {
			isa = PBXGroup;
			children = (
				893579E62080B06800217392 /* Algorithm practice */,
				893579E52080B06800217392 /* Products */,
			);
			sourceTree = "<group>";
		};
		893579E52080B06800217392 /* Products */ = {
			isa = PBXGroup;
			children = (
				893579E42080B06800217392 /* Algorithm practice */,
			);
			name = Products;
			sourceTree = "<group>";
		};
		893579E62080B06800217392 /* Algorithm practice */ = {
			isa = PBXGroup;
			children = (
				893579E72080B06800217392 /* main.c */,
				89EB71F3208B37B80091CE48 /* leetcode */,
				893579F12080B22B00217392 /* 最长公共子串（子序列） */,
			);
			path = "Algorithm practice";
			sourceTree = "<group>";
		};
		893579F12080B22B00217392 /* 最长公共子串（子序列） */ = {
			isa = PBXGroup;
			children = (
				893579EF2080B21F00217392 /* LCS.h */,
				893579EE2080B21F00217392 /* LCS.c */,
			);
			path = "最长公共子串（子序列）";
			sourceTree = "<group>";
		};
		89EB71F3208B37B80091CE48 /* leetcode */ = {
			isa = PBXGroup;
			children = (
				89DC61B3208F78120060CE9D /* leetcode_98.h */,
				89DC61B2208F78110060CE9D /* leetcode_98.c */,
				89DC61B62091DF6F0060CE9D /* leetcode_88.h */,
				89DC61B92091E8D50060CE9D /* leetcode_278.h */,
				89DC61B82091E8D50060CE9D /* leetcode_278.c */,
				89DC61BC2092159D0060CE9D /* leetcode_53.h */,
				89DC61BB2092159D0060CE9D /* leetcode_53.c */,
				89DC61BF2092E9CD0060CE9D /* leetcode_198.h */,
				89DC61BE2092E9CD0060CE9D /* leetcode_198.c */,
				89DC61B52091DF6F0060CE9D /* leetcode_88.c */,
				89EB71F1208B37AD0091CE48 /* leetcode_122.h */,
				89EB71F0208B37AD0091CE48 /* leetcode_122.c */,
				89EB71F5208B78300091CE48 /* leetcode_15.h */,
				89EB71F4208B78300091CE48 /* leetcode_15.c */,
				89EB71F8208CAC930091CE48 /* leetcode_350.h */,
				89EB71F7208CAC930091CE48 /* leetcode_350.c */,
				89DC61A4208D8E900060CE9D /* leetcode_125.h */,
				89DC61A3208D8E900060CE9D /* leetcode_125.c */,
				89DC61A7208DAEC70060CE9D /* leetcode_38.h */,
				89DC61A6208DAEC70060CE9D /* leetcode_38.c */,
				89DC61AA208DD92E0060CE9D /* leetcode_21.h */,
				89DC61A9208DD92E0060CE9D /* leetcode_21.c */,
				89DC61AD208E1AEE0060CE9D /* leetcode_234.h */,
				89DC61AC208E1AEE0060CE9D /* leetcode_234.c */,
				89DC61B0208E23200060CE9D /* leetcode_104.h */,
				89DC61AF208E23200060CE9D /* leetcode_104.c */,
			);
			path = leetcode;
			sourceTree = "<group>";
		};
/* End PBXGroup section */

/* Begin PBXNativeTarget section */
		893579E32080B06800217392 /* Algorithm practice */ = {
			isa = PBXNativeTarget;
			buildConfigurationList = 893579EB2080B06800217392 /* Build configuration list for PBXNativeTarget "Algorithm practice" */;
			buildPhases = (
				893579E02080B06800217392 /* Sources */,
				893579E12080B06800217392 /* Frameworks */,
				893579E22080B06800217392 /* CopyFiles */,
			);
			buildRules = (
			);
			dependencies = (
			);
			name = "Algorithm practice";
			productName = "Algorithm practice";
			productReference = 893579E42080B06800217392 /* Algorithm practice */;
			productType = "com.apple.product-type.tool";
		};
/* End PBXNativeTarget section */

/* Begin PBXProject section */
		893579DC2080B06800217392 /* Project object */ = {
			isa = PBXProject;
			attributes = {
				LastUpgradeCheck = 0920;
				ORGANIZATIONNAME = Howard;
				TargetAttributes = {
					893579E32080B06800217392 = {
						CreatedOnToolsVersion = 9.2;
						ProvisioningStyle = Automatic;
					};
				};
			};
			buildConfigurationList = 893579DF2080B06800217392 /* Build configuration list for PBXProject "Algorithm practice" */;
			compatibilityVersion = "Xcode 8.0";
			developmentRegion = en;
			hasScannedForEncodings = 0;
			knownRegions = (
				en,
			);
			mainGroup = 893579DB2080B06800217392;
			productRefGroup = 893579E52080B06800217392 /* Products */;
			projectDirPath = "";
			projectRoot = "";
			targets = (
				893579E32080B06800217392 /* Algorithm practice */,
			);
		};
/* End PBXProject section */

/* Begin PBXSourcesBuildPhase section */
		893579E02080B06800217392 /* Sources */ = {
			isa = PBXSourcesBuildPhase;
			buildActionMask = 2147483647;
			files = (
				89EB71F6208B78300091CE48 /* leetcode_15.c in Sources */,
				89EB71F9208CAC930091CE48 /* leetcode_350.c in Sources */,
				89DC61B72091DF6F0060CE9D /* leetcode_88.c in Sources */,
				893579F02080B21F00217392 /* LCS.c in Sources */,
				89DC61AE208E1AEE0060CE9D /* leetcode_234.c in Sources */,
				893579E82080B06800217392 /* main.c in Sources */,
				89DC61C02092E9CD0060CE9D /* leetcode_198.c in Sources */,
				89DC61A8208DAEC70060CE9D /* leetcode_38.c in Sources */,
				89DC61B4208F78120060CE9D /* leetcode_98.c in Sources */,
				89DC61BD2092159D0060CE9D /* leetcode_53.c in Sources */,
				89DC61B1208E23200060CE9D /* leetcode_104.c in Sources */,
				89DC61AB208DD92E0060CE9D /* leetcode_21.c in Sources */,
				89EB71F2208B37AD0091CE48 /* leetcode_122.c in Sources */,
				89DC61A5208D8E900060CE9D /* leetcode_125.c in Sources */,
				89DC61BA2091E8D50060CE9D /* leetcode_278.c in Sources */,
			);
			runOnlyForDeploymentPostprocessing = 0;
		};
/* End PBXSourcesBuildPhase section */

/* Begin XCBuildConfiguration section */
		893579E92080B06800217392 /* Debug */ = {
			isa = XCBuildConfiguration;
			buildSettings = {
				ALWAYS_SEARCH_USER_PATHS = NO;
				CLANG_ANALYZER_NONNULL = YES;
				CLANG_ANALYZER_NUMBER_OBJECT_CONVERSION = YES_AGGRESSIVE;
				CLANG_CXX_LANGUAGE_STANDARD = "gnu++14";
				CLANG_CXX_LIBRARY = "libc++";
				CLANG_ENABLE_MODULES = YES;
				CLANG_ENABLE_OBJC_ARC = YES;
				CLANG_WARN_BLOCK_CAPTURE_AUTORELEASING = YES;
				CLANG_WARN_BOOL_CONVERSION = YES;
				CLANG_WARN_COMMA = YES;
				CLANG_WARN_CONSTANT_CONVERSION = YES;
				CLANG_WARN_DIRECT_OBJC_ISA_USAGE = YES_ERROR;
				CLANG_WARN_DOCUMENTATION_COMMENTS = YES;
				CLANG_WARN_EMPTY_BODY = YES;
				CLANG_WARN_ENUM_CONVERSION = YES;
				CLANG_WARN_INFINITE_RECURSION = YES;
				CLANG_WARN_INT_CONVERSION = YES;
				CLANG_WARN_NON_LITERAL_NULL_CONVERSION = YES;
				CLANG_WARN_OBJC_LITERAL_CONVERSION = YES;
				CLANG_WARN_OBJC_ROOT_CLASS = YES_ERROR;
				CLANG_WARN_RANGE_LOOP_ANALYSIS = YES;
				CLANG_WARN_STRICT_PROTOTYPES = YES;
				CLANG_WARN_SUSPICIOUS_MOVE = YES;
				CLANG_WARN_UNGUARDED_AVAILABILITY = YES_AGGRESSIVE;
				CLANG_WARN_UNREACHABLE_CODE = YES;
				CLANG_WARN__DUPLICATE_METHOD_MATCH = YES;
				CODE_SIGN_IDENTITY = "-";
				COPY_PHASE_STRIP = NO;
				DEBUG_INFORMATION_FORMAT = dwarf;
				ENABLE_STRICT_OBJC_MSGSEND = YES;
				ENABLE_TESTABILITY = YES;
				GCC_C_LANGUAGE_STANDARD = gnu11;
				GCC_DYNAMIC_NO_PIC = NO;
				GCC_NO_COMMON_BLOCKS = YES;
				GCC_OPTIMIZATION_LEVEL = 0;
				GCC_PREPROCESSOR_DEFINITIONS = (
					"DEBUG=1",
					"$(inherited)",
				);
				GCC_WARN_64_TO_32_BIT_CONVERSION = YES;
				GCC_WARN_ABOUT_RETURN_TYPE = YES_ERROR;
				GCC_WARN_UNDECLARED_SELECTOR = YES;
				GCC_WARN_UNINITIALIZED_AUTOS = YES_AGGRESSIVE;
				GCC_WARN_UNUSED_FUNCTION = YES;
				GCC_WARN_UNUSED_VARIABLE = YES;
				MACOSX_DEPLOYMENT_TARGET = 10.12;
				MTL_ENABLE_DEBUG_INFO = YES;
				ONLY_ACTIVE_ARCH = YES;
				SDKROOT = macosx;
			};
			name = Debug;
		};
		893579EA2080B06800217392 /* Release */ = {
			isa = XCBuildConfiguration;
			buildSettings = {
				ALWAYS_SEARCH_USER_PATHS = NO;
				CLANG_ANALYZER_NONNULL = YES;
				CLANG_ANALYZER_NUMBER_OBJECT_CONVERSION = YES_AGGRESSIVE;
				CLANG_CXX_LANGUAGE_STANDARD = "gnu++14";
				CLANG_CXX_LIBRARY = "libc++";
				CLANG_ENABLE_MODULES = YES;
				CLANG_ENABLE_OBJC_ARC = YES;
				CLANG_WARN_BLOCK_CAPTURE_AUTORELEASING = YES;
				CLANG_WARN_BOOL_CONVERSION = YES;
				CLANG_WARN_COMMA = YES;
				CLANG_WARN_CONSTANT_CONVERSION = YES;
				CLANG_WARN_DIRECT_OBJC_ISA_USAGE = YES_ERROR;
				CLANG_WARN_DOCUMENTATION_COMMENTS = YES;
				CLANG_WARN_EMPTY_BODY = YES;
				CLANG_WARN_ENUM_CONVERSION = YES;
				CLANG_WARN_INFINITE_RECURSION = YES;
				CLANG_WARN_INT_CONVERSION = YES;
				CLANG_WARN_NON_LITERAL_NULL_CONVERSION = YES;
				CLANG_WARN_OBJC_LITERAL_CONVERSION = YES;
				CLANG_WARN_OBJC_ROOT_CLASS = YES_ERROR;
				CLANG_WARN_RANGE_LOOP_ANALYSIS = YES;
				CLANG_WARN_STRICT_PROTOTYPES = YES;
				CLANG_WARN_SUSPICIOUS_MOVE = YES;
				CLANG_WARN_UNGUARDED_AVAILABILITY = YES_AGGRESSIVE;
				CLANG_WARN_UNREACHABLE_CODE = YES;
				CLANG_WARN__DUPLICATE_METHOD_MATCH = YES;
				CODE_SIGN_IDENTITY = "-";
				COPY_PHASE_STRIP = NO;
				DEBUG_INFORMATION_FORMAT = "dwarf-with-dsym";
				ENABLE_NS_ASSERTIONS = NO;
				ENABLE_STRICT_OBJC_MSGSEND = YES;
				GCC_C_LANGUAGE_STANDARD = gnu11;
				GCC_NO_COMMON_BLOCKS = YES;
				GCC_WARN_64_TO_32_BIT_CONVERSION = YES;
				GCC_WARN_ABOUT_RETURN_TYPE = YES_ERROR;
				GCC_WARN_UNDECLARED_SELECTOR = YES;
				GCC_WARN_UNINITIALIZED_AUTOS = YES_AGGRESSIVE;
				GCC_WARN_UNUSED_FUNCTION = YES;
				GCC_WARN_UNUSED_VARIABLE = YES;
				MACOSX_DEPLOYMENT_TARGET = 10.12;
				MTL_ENABLE_DEBUG_INFO = NO;
				SDKROOT = macosx;
			};
			name = Release;
		};
		893579EC2080B06800217392 /* Debug */ = {
			isa = XCBuildConfiguration;
			buildSettings = {
				CODE_SIGN_STYLE = Automatic;
				PRODUCT_NAME = "$(TARGET_NAME)";
			};
			name = Debug;
		};
		893579ED2080B06800217392 /* Release */ = {
			isa = XCBuildConfiguration;
			buildSettings = {
				CODE_SIGN_STYLE = Automatic;
				PRODUCT_NAME = "$(TARGET_NAME)";
			};
			name = Release;
		};
/* End XCBuildConfiguration section */

/* Begin XCConfigurationList section */
		893579DF2080B06800217392 /* Build configuration list for PBXProject "Algorithm practice" */ = {
			isa = XCConfigurationList;
			buildConfigurations = (
				893579E92080B06800217392 /* Debug */,
				893579EA2080B06800217392 /* Release */,
			);
			defaultConfigurationIsVisible = 0;
			defaultConfigurationName = Release;
		};
		893579EB2080B06800217392 /* Build configuration list for PBXNativeTarget "Algorithm practice" */ = {
			isa = XCConfigurationList;
			buildConfigurations = (
				893579EC2080B06800217392 /* Debug */,
				893579ED2080B06800217392 /* Release */,
			);
			defaultConfigurationIsVisible = 0;
			defaultConfigurationName = Release;
		};
/* End XCConfigurationList section */
	};
	rootObject = 893579DC2080B06800217392 /* Project object */;
}
